
Microsoft Visual Studio Solution File, Format Version 12.00
# Visual Studio Version 17
VisualStudioVersion = 17.2.32630.192
MinimumVisualStudioVersion = 10.0.40219.1
Project("{9A19103F-16F7-4668-BE54-9A1E7A4F7556}") = "SocketServer", "SocketServer\SocketServer.csproj", "{376B1ABB-862B-436F-92DA-326E3E1AE3E5}"
EndProject
Project("{FAE04EC0-301F-11D3-BF4B-00C04F79EFBC}") = "SocketClientTest", "SocketClientTest\SocketClientTest.csproj", "{BC5F7D72-F181-4AC9-817B-16B769EA3DC0}"
EndProject
Global
	GlobalSection(SolutionConfigurationPlatforms) = preSolution
		Debug|Any CPU = Debug|Any CPU
		Release|Any CPU = Release|Any CPU
	EndGlobalSection
	GlobalSection(ProjectConfigurationPlatforms) = postSolution
		{376B1ABB-862B-436F-92DA-326E3E1AE3E5}.Debug|Any CPU.ActiveCfg = Debug|Any CPU
		{376B1ABB-862B-436F-92DA-326E3E1AE3E5}.Debug|Any CPU.Build.0 = Debug|Any CPU
		{376B1ABB-862B-436F-92DA-326E3E1AE3E5}.Release|Any CPU.ActiveCfg = Release|Any CPU
		{376B1ABB-862B-436F-92DA-326E3E1AE3E5}.Release|Any CPU.Build.0 = Release|Any CPU
		{BC5F7D72-F181-4AC9-817B-16B769EA3DC0}.Debug|Any CPU.ActiveCfg = Debug|Any CPU
		{BC5F7D72-F181-4AC9-817B-16B769EA3DC0}.Debug|Any CPU.Build.0 = Debug|Any CPU
		{BC5F7D72-F181-4AC9-817B-16B769EA3DC0}.Release|Any CPU.ActiveCfg = Release|Any CPU
		{BC5F7D72-F181-4AC9-817B-16B769EA3DC0}.Release|Any CPU.Build.0 = Release|Any CPU
	EndGlobalSection
	GlobalSection(SolutionProperties) = preSolution
		HideSolutionNode = FALSE
	EndGlobalSection
	GlobalSection(ExtensibilityGlobals) = postSolution
		SolutionGuid = {3F3DB7E7-338E-4BF7-9D2C-9678F97E28F0}
	EndGlobalSection
EndGlobal
